PODS:
  - R.swift (4.0.0):
    - R.swift.Library (~> 4.0.0)
  - R.swift.Library (4.0.0)
  - Realm (3.0.2):
    - Realm/Headers (= 3.0.2)
  - Realm/Headers (3.0.2)
  - RealmSwift (3.0.2):
    - Realm (= 3.0.2)
  - Require (2.0.0)
  - SwiftLint (0.24.0)

DEPENDENCIES:
  - R.swift
  - RealmSwift
  - Require
  - SwiftLint

SPEC CHECKSUMS:
  R.swift: d6a5ec2f55a8441dc0ed9f1f8b37d7d11ae85c66
  R.swift.Library: c3af34921024333546e23b70e70d0b4e0cffca75
  Realm: 6f23fd1f178a09342eac21bfa7c2bf4312a7a180
  RealmSwift: 695393add1b8f9d5fa75dd16e6355cf3935f71e2
  Require: f93abc18dda985f665465cf027cea7166455fb28
  SwiftLint: a014c92b4664e8b13f380f8640a51bb1733778ba

PODFILE CHECKSUM: fdb37f4fc326e77a957da3ddef1f8a55b7c99301

COCOAPODS: 1.3.1
