PODS:
  - R.swift (3.3.0):
    - R.swift.Library (~> 3.0.2)
  - R.swift.Library (3.0.2)
  - Realm (2.8.0):
    - Realm/Headers (= 2.8.0)
  - Realm/Headers (2.8.0)
  - RealmSwift (2.8.0):
    - Realm (= 2.8.0)
  - Require (1.0.1)
  - SwiftLint (0.19.0)

DEPENDENCIES:
  - R.swift
  - RealmSwift (~> 2.8)
  - Require
  - SwiftLint

SPEC CHECKSUMS:
  R.swift: bde9704d50ff36820f49e266bc88ef545e1e9b36
  R.swift.Library: fbdec16c9802ad104fc1ba53415dc190e6ec5c73
  Realm: 929243ad2b618b3232e70658bedc61110e7563f1
  RealmSwift: 5b7079b891f2833d1849294161ba3e092bbda3f6
  Require: d53aa5f529f280fed6bb9fba9802cbe4cd710403
  SwiftLint: 3537a05b34060e78e7510f04fb7537d738247803

PODFILE CHECKSUM: dc539a66d5e4a35c408e92127362382408a7e2bc

COCOAPODS: 1.1.1
