PODS:
  - Realm (2.8.0):
    - Realm/Headers (= 2.8.0)
  - Realm/Headers (2.8.0)
  - RealmSwift (2.8.0):
    - Realm (= 2.8.0)
  - Require (1.0.1)
  - SwiftLint (0.19.0)
  - TwitterCore (3.0.0)
  - TwitterKit (3.0.3):
    - TwitterCore (>= 3.0.0)

DEPENDENCIES:
  - RealmSwift (~> 2.8)
  - Require
  - SwiftLint
  - TwitterKit

SPEC CHECKSUMS:
  Realm: 929243ad2b618b3232e70658bedc61110e7563f1
  RealmSwift: 5b7079b891f2833d1849294161ba3e092bbda3f6
  Require: d53aa5f529f280fed6bb9fba9802cbe4cd710403
  SwiftLint: 3537a05b34060e78e7510f04fb7537d738247803
  TwitterCore: 8ce250be1eb34633a0e6acc89520d4165ec52c10
  TwitterKit: 202404be71aadd81d19f677b34579fe77d9cb67e

PODFILE CHECKSUM: c57325365066902d67ada46c9c48cee275a671a0

COCOAPODS: 1.2.1
