// !$*UTF8*$!
{
	archiveVersion = 1;
	classes = {
	};
	objectVersion = 46;
	objects = {

/* Begin PBXBuildFile section */
		393CCAC757B38307B5F05A8F /* Pods_iSpy.framework in Frameworks */ = {isa = PBXBuildFile; fileRef = 36CB84A6E0B160C3C0BE6127 /* Pods_iSpy.framework */; };
		B4ED68C25738095482C107A6 /* Pods_iSpyTests.framework in Frameworks */ = {isa = PBXBuildFile; fileRef = DE33B358D0A789DA151A1C94 /* Pods_iSpyTests.framework */; };
		B5B6F458C770D7553320E643 /* Pods_iSpyUITests.framework in Frameworks */ = {isa = PBXBuildFile; fileRef = CC854C11DFBCD5CD0FE0433F /* Pods_iSpyUITests.framework */; };
		D02FBD101F2B7466009CC1CB /* Main.storyboard in Resources */ = {isa = PBXBuildFile; fileRef = D02FBD0E1F2B7466009CC1CB /* Main.storyboard */; };
		D02FBD131F2B749B009CC1CB /* LaunchScreen.storyboard in Resources */ = {isa = PBXBuildFile; fileRef = D02FBD111F2B749B009CC1CB /* LaunchScreen.storyboard */; };
		D02FBD181F2B7B62009CC1CB /* LoadTripTableHeaderView.swift in Sources */ = {isa = PBXBuildFile; fileRef = D02FBD171F2B7B62009CC1CB /* LoadTripTableHeaderView.swift */; };
		D02FBD1B1F2B7C00009CC1CB /* LoadTripTableHeaderView.xib in Resources */ = {isa = PBXBuildFile; fileRef = D02FBD1A1F2B7C00009CC1CB /* LoadTripTableHeaderView.xib */; };
		D04F00AD1F7170FE007356AA /* SpeedView.swift in Sources */ = {isa = PBXBuildFile; fileRef = D0F5A54A1F716B9D009A4A51 /* SpeedView.swift */; };
		D076E0B31EC5AEFA00FBCC2F /* LoadTripViewController.swift in Sources */ = {isa = PBXBuildFile; fileRef = D076E0B21EC5AEFA00FBCC2F /* LoadTripViewController.swift */; };
		D076E0B51EC5BB4800FBCC2F /* LoadTripCell.swift in Sources */ = {isa = PBXBuildFile; fileRef = D076E0B41EC5BB4800FBCC2F /* LoadTripCell.swift */; };
		D076E0B71EC5BD5A00FBCC2F /* LoadTripCellModel.swift in Sources */ = {isa = PBXBuildFile; fileRef = D076E0B61EC5BD5A00FBCC2F /* LoadTripCellModel.swift */; };
		D076E0B91EC5C92300FBCC2F /* MapKit.framework in Frameworks */ = {isa = PBXBuildFile; fileRef = D076E0B81EC5C92300FBCC2F /* MapKit.framework */; };
		D076E0BB1EC5C9D600FBCC2F /* LocationManager.swift in Sources */ = {isa = PBXBuildFile; fileRef = D076E0BA1EC5C9D600FBCC2F /* LocationManager.swift */; };
		D076E0C01EC5EEE400FBCC2F /* PlatesTableViewCellModel.swift in Sources */ = {isa = PBXBuildFile; fileRef = D076E0BF1EC5EEE400FBCC2F /* PlatesTableViewCellModel.swift */; };
		D076E0C21EC5F69400FBCC2F /* AnnotationView.swift in Sources */ = {isa = PBXBuildFile; fileRef = D076E0C11EC5F69400FBCC2F /* AnnotationView.swift */; };
		D076E1071ECA044000FBCC2F /* UIImageView+Protcols.swift in Sources */ = {isa = PBXBuildFile; fileRef = D076E1061ECA044000FBCC2F /* UIImageView+Protcols.swift */; };
		D0AB0BF81F03F70700296C55 /* Settings.bundle in Resources */ = {isa = PBXBuildFile; fileRef = D0AB0BF71F03F70700296C55 /* Settings.bundle */; };
		D0D89F631EC1C52C005C3E83 /* AppDelegate.swift in Sources */ = {isa = PBXBuildFile; fileRef = D0D89F621EC1C52C005C3E83 /* AppDelegate.swift */; };
		D0D89F681EC1C52C005C3E83 /* Main.storyboard in Resources */ = {isa = PBXBuildFile; fileRef = D0D89F661EC1C52C005C3E83 /* Main.storyboard */; };
		D0D89F6A1EC1C52C005C3E83 /* Assets.xcassets in Resources */ = {isa = PBXBuildFile; fileRef = D0D89F691EC1C52C005C3E83 /* Assets.xcassets */; };
		D0D89F781EC1C52C005C3E83 /* iSpyTests.swift in Sources */ = {isa = PBXBuildFile; fileRef = D0D89F771EC1C52C005C3E83 /* iSpyTests.swift */; };
		D0D89F831EC1C52C005C3E83 /* iSpyUITests.swift in Sources */ = {isa = PBXBuildFile; fileRef = D0D89F821EC1C52C005C3E83 /* iSpyUITests.swift */; };
		D0D89F9F1EC1CAFE005C3E83 /* LoginViewController.swift in Sources */ = {isa = PBXBuildFile; fileRef = D0D89F911EC1CAFE005C3E83 /* LoginViewController.swift */; };
		D0D89FA01EC1CAFE005C3E83 /* DataLoader.swift in Sources */ = {isa = PBXBuildFile; fileRef = D0D89F931EC1CAFE005C3E83 /* DataLoader.swift */; };
		D0D89FA11EC1CAFE005C3E83 /* DataManager.swift in Sources */ = {isa = PBXBuildFile; fileRef = D0D89F941EC1CAFE005C3E83 /* DataManager.swift */; };
		D0D89FA21EC1CAFE005C3E83 /* PlatesTableViewCell.swift in Sources */ = {isa = PBXBuildFile; fileRef = D0D89F961EC1CAFE005C3E83 /* PlatesTableViewCell.swift */; };
		D0D89FA31EC1CAFE005C3E83 /* PlatesViewController.swift in Sources */ = {isa = PBXBuildFile; fileRef = D0D89F971EC1CAFE005C3E83 /* PlatesViewController.swift */; };
		D0D89FA41EC1CAFE005C3E83 /* BaseObject.swift in Sources */ = {isa = PBXBuildFile; fileRef = D0D89F991EC1CAFE005C3E83 /* BaseObject.swift */; };
		D0D89FA51EC1CAFE005C3E83 /* LicensePlate.swift in Sources */ = {isa = PBXBuildFile; fileRef = D0D89F9A1EC1CAFE005C3E83 /* LicensePlate.swift */; };
		D0D89FA61EC1CAFE005C3E83 /* Location.swift in Sources */ = {isa = PBXBuildFile; fileRef = D0D89F9B1EC1CAFE005C3E83 /* Location.swift */; };
		D0D89FA71EC1CAFE005C3E83 /* Player.swift in Sources */ = {isa = PBXBuildFile; fileRef = D0D89F9C1EC1CAFE005C3E83 /* Player.swift */; };
		D0D89FA81EC1CAFE005C3E83 /* Trip.swift in Sources */ = {isa = PBXBuildFile; fileRef = D0D89F9D1EC1CAFE005C3E83 /* Trip.swift */; };
		D0D89FA91EC1CAFE005C3E83 /* TripService.swift in Sources */ = {isa = PBXBuildFile; fileRef = D0D89F9E1EC1CAFE005C3E83 /* TripService.swift */; };
		D0D89FB21EC1CD44005C3E83 /* .swiftlint.yml in Resources */ = {isa = PBXBuildFile; fileRef = D0D89FB11EC1CD44005C3E83 /* .swiftlint.yml */; };
		D0D89FBC1EC1ED2B005C3E83 /* CreateTripViewController.swift in Sources */ = {isa = PBXBuildFile; fileRef = D0D89FBB1EC1ED2B005C3E83 /* CreateTripViewController.swift */; };
		D0D89FC91EC1F777005C3E83 /* CALayerExtension.swift in Sources */ = {isa = PBXBuildFile; fileRef = D0D89FBF1EC1F777005C3E83 /* CALayerExtension.swift */; };
		D0D89FCA1EC1F777005C3E83 /* CollectionExtensions.swift in Sources */ = {isa = PBXBuildFile; fileRef = D0D89FC01EC1F777005C3E83 /* CollectionExtensions.swift */; };
		D0D89FCB1EC1F777005C3E83 /* DateExtensions.swift in Sources */ = {isa = PBXBuildFile; fileRef = D0D89FC11EC1F777005C3E83 /* DateExtensions.swift */; };
		D0D89FCC1EC1F777005C3E83 /* DateFormatterExtensions.swift in Sources */ = {isa = PBXBuildFile; fileRef = D0D89FC21EC1F777005C3E83 /* DateFormatterExtensions.swift */; };
		D0D89FCD1EC1F777005C3E83 /* NSManagedObjectExtensions.swift in Sources */ = {isa = PBXBuildFile; fileRef = D0D89FC31EC1F777005C3E83 /* NSManagedObjectExtensions.swift */; };
		D0D89FCE1EC1F777005C3E83 /* NumberFormatterExtensions.swift in Sources */ = {isa = PBXBuildFile; fileRef = D0D89FC41EC1F777005C3E83 /* NumberFormatterExtensions.swift */; };
		D0D89FCF1EC1F777005C3E83 /* StringExtensions.swift in Sources */ = {isa = PBXBuildFile; fileRef = D0D89FC51EC1F777005C3E83 /* StringExtensions.swift */; };
		D0D89FD01EC1F777005C3E83 /* UIColorExtensions.swift in Sources */ = {isa = PBXBuildFile; fileRef = D0D89FC61EC1F777005C3E83 /* UIColorExtensions.swift */; };
		D0D89FD11EC1F777005C3E83 /* UIImageExtensions.swift in Sources */ = {isa = PBXBuildFile; fileRef = D0D89FC71EC1F777005C3E83 /* UIImageExtensions.swift */; };
		D0D89FD21EC1F777005C3E83 /* UIViewExtensions.swift in Sources */ = {isa = PBXBuildFile; fileRef = D0D89FC81EC1F777005C3E83 /* UIViewExtensions.swift */; };
		D0D89FD51EC204FC005C3E83 /* FlipTransitionDelegate.swift in Sources */ = {isa = PBXBuildFile; fileRef = D0D89FD41EC204FC005C3E83 /* FlipTransitionDelegate.swift */; };
		D0DA8BF61EFC0E31003352B2 /* TripManagementMapView.swift in Sources */ = {isa = PBXBuildFile; fileRef = D0DA8BF51EFC0E31003352B2 /* TripManagementMapView.swift */; };
		D0DA8BF81EFC0F07003352B2 /* TripManagementMapViewModel.swift in Sources */ = {isa = PBXBuildFile; fileRef = D0DA8BF71EFC0F07003352B2 /* TripManagementMapViewModel.swift */; };
		D0F5A54D1F716BCE009A4A51 /* NumberExtensions.swift in Sources */ = {isa = PBXBuildFile; fileRef = D0F5A54C1F716BCE009A4A51 /* NumberExtensions.swift */; };
/* End PBXBuildFile section */

/* Begin PBXContainerItemProxy section */
		D0D89F741EC1C52C005C3E83 /* PBXContainerItemProxy */ = {
			isa = PBXContainerItemProxy;
			containerPortal = D0D89F571EC1C52C005C3E83 /* Project object */;
			proxyType = 1;
			remoteGlobalIDString = D0D89F5E1EC1C52C005C3E83;
			remoteInfo = iSpy;
		};
		D0D89F7F1EC1C52C005C3E83 /* PBXContainerItemProxy */ = {
			isa = PBXContainerItemProxy;
			containerPortal = D0D89F571EC1C52C005C3E83 /* Project object */;
			proxyType = 1;
			remoteGlobalIDString = D0D89F5E1EC1C52C005C3E83;
			remoteInfo = iSpy;
		};
/* End PBXContainerItemProxy section */

/* Begin PBXFileReference section */
		184EF4D938A1C9D940B6502C /* Pods-iSpy.release.xcconfig */ = {isa = PBXFileReference; includeInIndex = 1; lastKnownFileType = text.xcconfig; name = "Pods-iSpy.release.xcconfig"; path = "Pods/Target Support Files/Pods-iSpy/Pods-iSpy.release.xcconfig"; sourceTree = "<group>"; };
		36CB84A6E0B160C3C0BE6127 /* Pods_iSpy.framework */ = {isa = PBXFileReference; explicitFileType = wrapper.framework; includeInIndex = 0; path = Pods_iSpy.framework; sourceTree = BUILT_PRODUCTS_DIR; };
		4EFDB9E682D805F6659E3E99 /* Pods-iSpy.debug.xcconfig */ = {isa = PBXFileReference; includeInIndex = 1; lastKnownFileType = text.xcconfig; name = "Pods-iSpy.debug.xcconfig"; path = "Pods/Target Support Files/Pods-iSpy/Pods-iSpy.debug.xcconfig"; sourceTree = "<group>"; };
		5DDEC5FF4FDD763F0E61B3F5 /* Pods-iSpyUITests.release.xcconfig */ = {isa = PBXFileReference; includeInIndex = 1; lastKnownFileType = text.xcconfig; name = "Pods-iSpyUITests.release.xcconfig"; path = "Pods/Target Support Files/Pods-iSpyUITests/Pods-iSpyUITests.release.xcconfig"; sourceTree = "<group>"; };
		6603BCE7BD0234E7F8D15158 /* Pods-iSpyTests.debug.xcconfig */ = {isa = PBXFileReference; includeInIndex = 1; lastKnownFileType = text.xcconfig; name = "Pods-iSpyTests.debug.xcconfig"; path = "Pods/Target Support Files/Pods-iSpyTests/Pods-iSpyTests.debug.xcconfig"; sourceTree = "<group>"; };
		75FE383DB17944778D2FDF26 /* Pods-iSpyUITests.debug.xcconfig */ = {isa = PBXFileReference; includeInIndex = 1; lastKnownFileType = text.xcconfig; name = "Pods-iSpyUITests.debug.xcconfig"; path = "Pods/Target Support Files/Pods-iSpyUITests/Pods-iSpyUITests.debug.xcconfig"; sourceTree = "<group>"; };
		CC854C11DFBCD5CD0FE0433F /* Pods_iSpyUITests.framework */ = {isa = PBXFileReference; explicitFileType = wrapper.framework; includeInIndex = 0; path = Pods_iSpyUITests.framework; sourceTree = BUILT_PRODUCTS_DIR; };
		D02FBD0F1F2B7466009CC1CB /* Base */ = {isa = PBXFileReference; lastKnownFileType = file.storyboard; name = Base; path = Base.lproj/Main.storyboard; sourceTree = "<group>"; };
		D02FBD121F2B749B009CC1CB /* Base */ = {isa = PBXFileReference; lastKnownFileType = file.storyboard; name = Base; path = Base.lproj/LaunchScreen.storyboard; sourceTree = "<group>"; };
		D02FBD171F2B7B62009CC1CB /* LoadTripTableHeaderView.swift */ = {isa = PBXFileReference; fileEncoding = 4; lastKnownFileType = sourcecode.swift; path = LoadTripTableHeaderView.swift; sourceTree = "<group>"; };
		D02FBD1A1F2B7C00009CC1CB /* LoadTripTableHeaderView.xib */ = {isa = PBXFileReference; fileEncoding = 4; lastKnownFileType = file.xib; path = LoadTripTableHeaderView.xib; sourceTree = "<group>"; };
		D076E0B21EC5AEFA00FBCC2F /* LoadTripViewController.swift */ = {isa = PBXFileReference; fileEncoding = 4; lastKnownFileType = sourcecode.swift; path = LoadTripViewController.swift; sourceTree = "<group>"; };
		D076E0B41EC5BB4800FBCC2F /* LoadTripCell.swift */ = {isa = PBXFileReference; fileEncoding = 4; lastKnownFileType = sourcecode.swift; path = LoadTripCell.swift; sourceTree = "<group>"; };
		D076E0B61EC5BD5A00FBCC2F /* LoadTripCellModel.swift */ = {isa = PBXFileReference; fileEncoding = 4; lastKnownFileType = sourcecode.swift; path = LoadTripCellModel.swift; sourceTree = "<group>"; };
		D076E0B81EC5C92300FBCC2F /* MapKit.framework */ = {isa = PBXFileReference; lastKnownFileType = wrapper.framework; name = MapKit.framework; path = System/Library/Frameworks/MapKit.framework; sourceTree = SDKROOT; };
		D076E0BA1EC5C9D600FBCC2F /* LocationManager.swift */ = {isa = PBXFileReference; fileEncoding = 4; lastKnownFileType = sourcecode.swift; path = LocationManager.swift; sourceTree = "<group>"; };
		D076E0BF1EC5EEE400FBCC2F /* PlatesTableViewCellModel.swift */ = {isa = PBXFileReference; fileEncoding = 4; lastKnownFileType = sourcecode.swift; path = PlatesTableViewCellModel.swift; sourceTree = "<group>"; };
		D076E0C11EC5F69400FBCC2F /* AnnotationView.swift */ = {isa = PBXFileReference; fileEncoding = 4; lastKnownFileType = sourcecode.swift; path = AnnotationView.swift; sourceTree = "<group>"; };
		D076E1061ECA044000FBCC2F /* UIImageView+Protcols.swift */ = {isa = PBXFileReference; fileEncoding = 4; lastKnownFileType = sourcecode.swift; path = "UIImageView+Protcols.swift"; sourceTree = "<group>"; };
		D0AB0BF71F03F70700296C55 /* Settings.bundle */ = {isa = PBXFileReference; lastKnownFileType = "wrapper.plug-in"; path = Settings.bundle; sourceTree = "<group>"; };
		D0D89F5F1EC1C52C005C3E83 /* iSpy.app */ = {isa = PBXFileReference; explicitFileType = wrapper.application; includeInIndex = 0; path = iSpy.app; sourceTree = BUILT_PRODUCTS_DIR; };
		D0D89F621EC1C52C005C3E83 /* AppDelegate.swift */ = {isa = PBXFileReference; lastKnownFileType = sourcecode.swift; path = AppDelegate.swift; sourceTree = "<group>"; };
		D0D89F671EC1C52C005C3E83 /* Base */ = {isa = PBXFileReference; lastKnownFileType = file.storyboard; name = Base; path = Base.lproj/Main.storyboard; sourceTree = "<group>"; };
		D0D89F691EC1C52C005C3E83 /* Assets.xcassets */ = {isa = PBXFileReference; lastKnownFileType = folder.assetcatalog; path = Assets.xcassets; sourceTree = "<group>"; };
		D0D89F6E1EC1C52C005C3E83 /* Info.plist */ = {isa = PBXFileReference; lastKnownFileType = text.plist.xml; path = Info.plist; sourceTree = "<group>"; };
		D0D89F731EC1C52C005C3E83 /* iSpyTests.xctest */ = {isa = PBXFileReference; explicitFileType = wrapper.cfbundle; includeInIndex = 0; path = iSpyTests.xctest; sourceTree = BUILT_PRODUCTS_DIR; };
		D0D89F771EC1C52C005C3E83 /* iSpyTests.swift */ = {isa = PBXFileReference; lastKnownFileType = sourcecode.swift; path = iSpyTests.swift; sourceTree = "<group>"; };
		D0D89F791EC1C52C005C3E83 /* Info.plist */ = {isa = PBXFileReference; lastKnownFileType = text.plist.xml; path = Info.plist; sourceTree = "<group>"; };
		D0D89F7E1EC1C52C005C3E83 /* iSpyUITests.xctest */ = {isa = PBXFileReference; explicitFileType = wrapper.cfbundle; includeInIndex = 0; path = iSpyUITests.xctest; sourceTree = BUILT_PRODUCTS_DIR; };
		D0D89F821EC1C52C005C3E83 /* iSpyUITests.swift */ = {isa = PBXFileReference; lastKnownFileType = sourcecode.swift; path = iSpyUITests.swift; sourceTree = "<group>"; };
		D0D89F841EC1C52C005C3E83 /* Info.plist */ = {isa = PBXFileReference; lastKnownFileType = text.plist.xml; path = Info.plist; sourceTree = "<group>"; };
		D0D89F911EC1CAFE005C3E83 /* LoginViewController.swift */ = {isa = PBXFileReference; fileEncoding = 4; lastKnownFileType = sourcecode.swift; path = LoginViewController.swift; sourceTree = "<group>"; };
		D0D89F931EC1CAFE005C3E83 /* DataLoader.swift */ = {isa = PBXFileReference; fileEncoding = 4; lastKnownFileType = sourcecode.swift; path = DataLoader.swift; sourceTree = "<group>"; };
		D0D89F941EC1CAFE005C3E83 /* DataManager.swift */ = {isa = PBXFileReference; fileEncoding = 4; lastKnownFileType = sourcecode.swift; path = DataManager.swift; sourceTree = "<group>"; };
		D0D89F961EC1CAFE005C3E83 /* PlatesTableViewCell.swift */ = {isa = PBXFileReference; fileEncoding = 4; lastKnownFileType = sourcecode.swift; path = PlatesTableViewCell.swift; sourceTree = "<group>"; };
		D0D89F971EC1CAFE005C3E83 /* PlatesViewController.swift */ = {isa = PBXFileReference; fileEncoding = 4; lastKnownFileType = sourcecode.swift; path = PlatesViewController.swift; sourceTree = "<group>"; };
		D0D89F991EC1CAFE005C3E83 /* BaseObject.swift */ = {isa = PBXFileReference; fileEncoding = 4; lastKnownFileType = sourcecode.swift; path = BaseObject.swift; sourceTree = "<group>"; };
		D0D89F9A1EC1CAFE005C3E83 /* LicensePlate.swift */ = {isa = PBXFileReference; fileEncoding = 4; lastKnownFileType = sourcecode.swift; path = LicensePlate.swift; sourceTree = "<group>"; };
		D0D89F9B1EC1CAFE005C3E83 /* Location.swift */ = {isa = PBXFileReference; fileEncoding = 4; lastKnownFileType = sourcecode.swift; path = Location.swift; sourceTree = "<group>"; };
		D0D89F9C1EC1CAFE005C3E83 /* Player.swift */ = {isa = PBXFileReference; fileEncoding = 4; lastKnownFileType = sourcecode.swift; path = Player.swift; sourceTree = "<group>"; };
		D0D89F9D1EC1CAFE005C3E83 /* Trip.swift */ = {isa = PBXFileReference; fileEncoding = 4; lastKnownFileType = sourcecode.swift; path = Trip.swift; sourceTree = "<group>"; };
		D0D89F9E1EC1CAFE005C3E83 /* TripService.swift */ = {isa = PBXFileReference; fileEncoding = 4; lastKnownFileType = sourcecode.swift; name = TripService.swift; path = Model/TripService.swift; sourceTree = "<group>"; };
		D0D89FB11EC1CD44005C3E83 /* .swiftlint.yml */ = {isa = PBXFileReference; fileEncoding = 4; lastKnownFileType = text; path = .swiftlint.yml; sourceTree = "<group>"; };
		D0D89FBB1EC1ED2B005C3E83 /* CreateTripViewController.swift */ = {isa = PBXFileReference; fileEncoding = 4; lastKnownFileType = sourcecode.swift; path = CreateTripViewController.swift; sourceTree = "<group>"; };
		D0D89FBF1EC1F777005C3E83 /* CALayerExtension.swift */ = {isa = PBXFileReference; fileEncoding = 4; lastKnownFileType = sourcecode.swift; name = CALayerExtension.swift; path = Extensions/CALayerExtension.swift; sourceTree = "<group>"; };
		D0D89FC01EC1F777005C3E83 /* CollectionExtensions.swift */ = {isa = PBXFileReference; fileEncoding = 4; lastKnownFileType = sourcecode.swift; name = CollectionExtensions.swift; path = Extensions/CollectionExtensions.swift; sourceTree = "<group>"; };
		D0D89FC11EC1F777005C3E83 /* DateExtensions.swift */ = {isa = PBXFileReference; fileEncoding = 4; lastKnownFileType = sourcecode.swift; name = DateExtensions.swift; path = Extensions/DateExtensions.swift; sourceTree = "<group>"; };
		D0D89FC21EC1F777005C3E83 /* DateFormatterExtensions.swift */ = {isa = PBXFileReference; fileEncoding = 4; lastKnownFileType = sourcecode.swift; name = DateFormatterExtensions.swift; path = Extensions/DateFormatterExtensions.swift; sourceTree = "<group>"; };
		D0D89FC31EC1F777005C3E83 /* NSManagedObjectExtensions.swift */ = {isa = PBXFileReference; fileEncoding = 4; lastKnownFileType = sourcecode.swift; name = NSManagedObjectExtensions.swift; path = Extensions/NSManagedObjectExtensions.swift; sourceTree = "<group>"; };
		D0D89FC41EC1F777005C3E83 /* NumberFormatterExtensions.swift */ = {isa = PBXFileReference; fileEncoding = 4; lastKnownFileType = sourcecode.swift; name = NumberFormatterExtensions.swift; path = Extensions/NumberFormatterExtensions.swift; sourceTree = "<group>"; };
		D0D89FC51EC1F777005C3E83 /* StringExtensions.swift */ = {isa = PBXFileReference; fileEncoding = 4; lastKnownFileType = sourcecode.swift; name = StringExtensions.swift; path = Extensions/StringExtensions.swift; sourceTree = "<group>"; };
		D0D89FC61EC1F777005C3E83 /* UIColorExtensions.swift */ = {isa = PBXFileReference; fileEncoding = 4; lastKnownFileType = sourcecode.swift; name = UIColorExtensions.swift; path = Extensions/UIColorExtensions.swift; sourceTree = "<group>"; };
		D0D89FC71EC1F777005C3E83 /* UIImageExtensions.swift */ = {isa = PBXFileReference; fileEncoding = 4; lastKnownFileType = sourcecode.swift; name = UIImageExtensions.swift; path = Extensions/UIImageExtensions.swift; sourceTree = "<group>"; };
		D0D89FC81EC1F777005C3E83 /* UIViewExtensions.swift */ = {isa = PBXFileReference; fileEncoding = 4; lastKnownFileType = sourcecode.swift; name = UIViewExtensions.swift; path = Extensions/UIViewExtensions.swift; sourceTree = "<group>"; };
		D0D89FD41EC204FC005C3E83 /* FlipTransitionDelegate.swift */ = {isa = PBXFileReference; fileEncoding = 4; lastKnownFileType = sourcecode.swift; path = FlipTransitionDelegate.swift; sourceTree = "<group>"; };
		D0DA8BF51EFC0E31003352B2 /* TripManagementMapView.swift */ = {isa = PBXFileReference; fileEncoding = 4; lastKnownFileType = sourcecode.swift; path = TripManagementMapView.swift; sourceTree = "<group>"; };
		D0DA8BF71EFC0F07003352B2 /* TripManagementMapViewModel.swift */ = {isa = PBXFileReference; fileEncoding = 4; lastKnownFileType = sourcecode.swift; path = TripManagementMapViewModel.swift; sourceTree = "<group>"; };
		D0F5A54A1F716B9D009A4A51 /* SpeedView.swift */ = {isa = PBXFileReference; lastKnownFileType = sourcecode.swift; path = SpeedView.swift; sourceTree = "<group>"; };
		D0F5A54B1F716BB4009A4A51 /* ViewController.swift */ = {isa = PBXFileReference; lastKnownFileType = sourcecode.swift; path = ViewController.swift; sourceTree = "<group>"; };
		D0F5A54C1F716BCE009A4A51 /* NumberExtensions.swift */ = {isa = PBXFileReference; lastKnownFileType = sourcecode.swift; path = NumberExtensions.swift; sourceTree = "<group>"; };
		DE33B358D0A789DA151A1C94 /* Pods_iSpyTests.framework */ = {isa = PBXFileReference; explicitFileType = wrapper.framework; includeInIndex = 0; path = Pods_iSpyTests.framework; sourceTree = BUILT_PRODUCTS_DIR; };
		E2A0CF1F8399E66FF8BC766D /* Pods-iSpyTests.release.xcconfig */ = {isa = PBXFileReference; includeInIndex = 1; lastKnownFileType = text.xcconfig; name = "Pods-iSpyTests.release.xcconfig"; path = "Pods/Target Support Files/Pods-iSpyTests/Pods-iSpyTests.release.xcconfig"; sourceTree = "<group>"; };
/* End PBXFileReference section */

/* Begin PBXFrameworksBuildPhase section */
		D0D89F5C1EC1C52C005C3E83 /* Frameworks */ = {
			isa = PBXFrameworksBuildPhase;
			buildActionMask = 2147483647;
			files = (
				393CCAC757B38307B5F05A8F /* Pods_iSpy.framework in Frameworks */,
				D076E0B91EC5C92300FBCC2F /* MapKit.framework in Frameworks */,
			);
			runOnlyForDeploymentPostprocessing = 0;
		};
		D0D89F701EC1C52C005C3E83 /* Frameworks */ = {
			isa = PBXFrameworksBuildPhase;
			buildActionMask = 2147483647;
			files = (
				B4ED68C25738095482C107A6 /* Pods_iSpyTests.framework in Frameworks */,
			);
			runOnlyForDeploymentPostprocessing = 0;
		};
		D0D89F7B1EC1C52C005C3E83 /* Frameworks */ = {
			isa = PBXFrameworksBuildPhase;
			buildActionMask = 2147483647;
			files = (
				B5B6F458C770D7553320E643 /* Pods_iSpyUITests.framework in Frameworks */,
			);
			runOnlyForDeploymentPostprocessing = 0;
		};
/* End PBXFrameworksBuildPhase section */

/* Begin PBXGroup section */
		34E38D5D959E29B7B73883A6 /* Pods */ = {
			isa = PBXGroup;
			children = (
				4EFDB9E682D805F6659E3E99 /* Pods-iSpy.debug.xcconfig */,
				184EF4D938A1C9D940B6502C /* Pods-iSpy.release.xcconfig */,
				6603BCE7BD0234E7F8D15158 /* Pods-iSpyTests.debug.xcconfig */,
				E2A0CF1F8399E66FF8BC766D /* Pods-iSpyTests.release.xcconfig */,
				75FE383DB17944778D2FDF26 /* Pods-iSpyUITests.debug.xcconfig */,
				5DDEC5FF4FDD763F0E61B3F5 /* Pods-iSpyUITests.release.xcconfig */,
			);
			name = Pods;
			sourceTree = "<group>";
		};
		BD8D1628C83A59C717693511 /* Frameworks */ = {
			isa = PBXGroup;
			children = (
				D076E0B81EC5C92300FBCC2F /* MapKit.framework */,
				36CB84A6E0B160C3C0BE6127 /* Pods_iSpy.framework */,
				DE33B358D0A789DA151A1C94 /* Pods_iSpyTests.framework */,
				CC854C11DFBCD5CD0FE0433F /* Pods_iSpyUITests.framework */,
			);
			name = Frameworks;
			sourceTree = "<group>";
		};
		D02FBD141F2B74BD009CC1CB /* Storyboards */ = {
			isa = PBXGroup;
			children = (
				D02FBD111F2B749B009CC1CB /* LaunchScreen.storyboard */,
				D02FBD0E1F2B7466009CC1CB /* Main.storyboard */,
			);
			name = Storyboards;
			sourceTree = "<group>";
		};
		D02FBD191F2B7B6B009CC1CB /* Cells */ = {
			isa = PBXGroup;
			children = (
				D076E0B41EC5BB4800FBCC2F /* LoadTripCell.swift */,
				D076E0B61EC5BD5A00FBCC2F /* LoadTripCellModel.swift */,
				D02FBD171F2B7B62009CC1CB /* LoadTripTableHeaderView.swift */,
				D02FBD1A1F2B7C00009CC1CB /* LoadTripTableHeaderView.xib */,
			);
			name = Cells;
			sourceTree = "<group>";
		};
		D076E0BC1EC5CA7800FBCC2F /* Services */ = {
			isa = PBXGroup;
			children = (
				D0D89F9E1EC1CAFE005C3E83 /* TripService.swift */,
			);
			name = Services;
			sourceTree = "<group>";
		};
		D076E1051ECA03CD00FBCC2F /* Protocols */ = {
			isa = PBXGroup;
			children = (
				D076E1061ECA044000FBCC2F /* UIImageView+Protcols.swift */,
			);
			name = Protocols;
			sourceTree = "<group>";
		};
		D094C9061F1F589100D2DE79 /* Recovered References */ = {
			isa = PBXGroup;
			children = (
				D0D89F661EC1C52C005C3E83 /* Main.storyboard */,
			);
			name = "Recovered References";
			sourceTree = "<group>";
		};
		D0D89F561EC1C52C005C3E83 = {
			isa = PBXGroup;
			children = (
				D0AB0BF71F03F70700296C55 /* Settings.bundle */,
				D0D89F611EC1C52C005C3E83 /* iSpy */,
				D0D89F761EC1C52C005C3E83 /* iSpyTests */,
				D0D89F811EC1C52C005C3E83 /* iSpyUITests */,
				D0D89F601EC1C52C005C3E83 /* Products */,
				34E38D5D959E29B7B73883A6 /* Pods */,
				BD8D1628C83A59C717693511 /* Frameworks */,
				D094C9061F1F589100D2DE79 /* Recovered References */,
			);
			sourceTree = "<group>";
		};
		D0D89F601EC1C52C005C3E83 /* Products */ = {
			isa = PBXGroup;
			children = (
				D0D89F5F1EC1C52C005C3E83 /* iSpy.app */,
				D0D89F731EC1C52C005C3E83 /* iSpyTests.xctest */,
				D0D89F7E1EC1C52C005C3E83 /* iSpyUITests.xctest */,
			);
			name = Products;
			sourceTree = "<group>";
		};
		D0D89F611EC1C52C005C3E83 /* iSpy */ = {
			isa = PBXGroup;
			children = (
				D0D89F621EC1C52C005C3E83 /* AppDelegate.swift */,
				D0D89F691EC1C52C005C3E83 /* Assets.xcassets */,
				D076E1051ECA03CD00FBCC2F /* Protocols */,
				D076E0BC1EC5CA7800FBCC2F /* Services */,
				D0D89FBD1EC1EE94005C3E83 /* UI */,
				D0D89F921EC1CAFE005C3E83 /* Manager */,
				D0D89FBE1EC1F763005C3E83 /* Extensions */,
				D0D89F981EC1CAFE005C3E83 /* Model */,
				D0D89FAE1EC1CD0D005C3E83 /* Supporting Files */,
				D0D89F6E1EC1C52C005C3E83 /* Info.plist */,
			);
			path = iSpy;
			sourceTree = "<group>";
		};
		D0D89F761EC1C52C005C3E83 /* iSpyTests */ = {
			isa = PBXGroup;
			children = (
				D0D89F771EC1C52C005C3E83 /* iSpyTests.swift */,
				D0D89F791EC1C52C005C3E83 /* Info.plist */,
			);
			path = iSpyTests;
			sourceTree = "<group>";
		};
		D0D89F811EC1C52C005C3E83 /* iSpyUITests */ = {
			isa = PBXGroup;
			children = (
				D0D89F821EC1C52C005C3E83 /* iSpyUITests.swift */,
				D0D89F841EC1C52C005C3E83 /* Info.plist */,
			);
			path = iSpyUITests;
			sourceTree = "<group>";
		};
		D0D89F901EC1CAFE005C3E83 /* Login */ = {
			isa = PBXGroup;
			children = (
				D0D89F911EC1CAFE005C3E83 /* LoginViewController.swift */,
			);
			path = Login;
			sourceTree = "<group>";
		};
		D0D89F921EC1CAFE005C3E83 /* Manager */ = {
			isa = PBXGroup;
			children = (
				D0D89F931EC1CAFE005C3E83 /* DataLoader.swift */,
				D0D89F941EC1CAFE005C3E83 /* DataManager.swift */,
				D076E0BA1EC5C9D600FBCC2F /* LocationManager.swift */,
			);
			path = Manager;
			sourceTree = "<group>";
		};
		D0D89F951EC1CAFE005C3E83 /* Trip */ = {
			isa = PBXGroup;
			children = (
				D0D89F961EC1CAFE005C3E83 /* PlatesTableViewCell.swift */,
				D0D89F971EC1CAFE005C3E83 /* PlatesViewController.swift */,
				D076E0BF1EC5EEE400FBCC2F /* PlatesTableViewCellModel.swift */,
				D076E0C11EC5F69400FBCC2F /* AnnotationView.swift */,
			);
			name = Trip;
			path = Map;
			sourceTree = "<group>";
		};
		D0D89F981EC1CAFE005C3E83 /* Model */ = {
			isa = PBXGroup;
			children = (
				D0D89F991EC1CAFE005C3E83 /* BaseObject.swift */,
				D0D89F9A1EC1CAFE005C3E83 /* LicensePlate.swift */,
				D0D89F9B1EC1CAFE005C3E83 /* Location.swift */,
				D0D89F9C1EC1CAFE005C3E83 /* Player.swift */,
				D0D89F9D1EC1CAFE005C3E83 /* Trip.swift */,
			);
			path = Model;
			sourceTree = "<group>";
		};
		D0D89FAE1EC1CD0D005C3E83 /* Supporting Files */ = {
			isa = PBXGroup;
			children = (
				D0D89FB11EC1CD44005C3E83 /* .swiftlint.yml */,
			);
			name = "Supporting Files";
			sourceTree = "<group>";
		};
		D0D89FBA1EC1ED02005C3E83 /* Trip Management */ = {
			isa = PBXGroup;
			children = (
				D02FBD191F2B7B6B009CC1CB /* Cells */,
				D0D89FBB1EC1ED2B005C3E83 /* CreateTripViewController.swift */,
				D076E0B21EC5AEFA00FBCC2F /* LoadTripViewController.swift */,
				D0DA8BF51EFC0E31003352B2 /* TripManagementMapView.swift */,
				D0DA8BF71EFC0F07003352B2 /* TripManagementMapViewModel.swift */,
			);
			name = "Trip Management";
			sourceTree = "<group>";
		};
		D0D89FBD1EC1EE94005C3E83 /* UI */ = {
			isa = PBXGroup;
			children = (
				D0F5A5481F716B6E009A4A51 /* Custom Views */,
				D02FBD141F2B74BD009CC1CB /* Storyboards */,
				D0D89FD31EC204C1005C3E83 /* Custom Transitions */,
				D0D89F901EC1CAFE005C3E83 /* Login */,
				D0D89F951EC1CAFE005C3E83 /* Trip */,
				D0D89FBA1EC1ED02005C3E83 /* Trip Management */,
			);
			name = UI;
			sourceTree = "<group>";
		};
		D0D89FBE1EC1F763005C3E83 /* Extensions */ = {
			isa = PBXGroup;
			children = (
				D0D89FBF1EC1F777005C3E83 /* CALayerExtension.swift */,
				D0D89FC01EC1F777005C3E83 /* CollectionExtensions.swift */,
				D0D89FC11EC1F777005C3E83 /* DateExtensions.swift */,
				D0D89FC21EC1F777005C3E83 /* DateFormatterExtensions.swift */,
				D0D89FC31EC1F777005C3E83 /* NSManagedObjectExtensions.swift */,
				D0D89FC41EC1F777005C3E83 /* NumberFormatterExtensions.swift */,
				D0F5A54C1F716BCE009A4A51 /* NumberExtensions.swift */,
				D0D89FC51EC1F777005C3E83 /* StringExtensions.swift */,
				D0D89FC61EC1F777005C3E83 /* UIColorExtensions.swift */,
				D0D89FC71EC1F777005C3E83 /* UIImageExtensions.swift */,
				D0D89FC81EC1F777005C3E83 /* UIViewExtensions.swift */,
			);
			name = Extensions;
			sourceTree = "<group>";
		};
		D0D89FD31EC204C1005C3E83 /* Custom Transitions */ = {
			isa = PBXGroup;
			children = (
				D0D89FD41EC204FC005C3E83 /* FlipTransitionDelegate.swift */,
			);
			name = "Custom Transitions";
			sourceTree = "<group>";
		};
		D0F5A5481F716B6E009A4A51 /* Custom Views */ = {
			isa = PBXGroup;
			children = (
				D0F5A5491F716B7B009A4A51 /* Speedometer */,
			);
			name = "Custom Views";
			sourceTree = "<group>";
		};
		D0F5A5491F716B7B009A4A51 /* Speedometer */ = {
			isa = PBXGroup;
			children = (
				D0F5A54B1F716BB4009A4A51 /* ViewController.swift */,
				D0F5A54A1F716B9D009A4A51 /* SpeedView.swift */,
			);
			name = Speedometer;
			sourceTree = "<group>";
		};
/* End PBXGroup section */

/* Begin PBXNativeTarget section */
		D0D89F5E1EC1C52C005C3E83 /* iSpy */ = {
			isa = PBXNativeTarget;
			buildConfigurationList = D0D89F871EC1C52C005C3E83 /* Build configuration list for PBXNativeTarget "iSpy" */;
			buildPhases = (
				2105D61715AC10F8130A8ED6 /* [CP] Check Pods Manifest.lock */,
				D0D89F5B1EC1C52C005C3E83 /* Sources */,
				D0D89F5C1EC1C52C005C3E83 /* Frameworks */,
				D0D89F5D1EC1C52C005C3E83 /* Resources */,
				50A01AF797D0D1C997EA7FEC /* [CP] Embed Pods Frameworks */,
				26A77F32A08D1DA97C73D3E6 /* [CP] Copy Pods Resources */,
				D0D89FAD1EC1CC87005C3E83 /* SwiftLint */,
			);
			buildRules = (
			);
			dependencies = (
			);
			name = iSpy;
			productName = iSpy;
			productReference = D0D89F5F1EC1C52C005C3E83 /* iSpy.app */;
			productType = "com.apple.product-type.application";
		};
		D0D89F721EC1C52C005C3E83 /* iSpyTests */ = {
			isa = PBXNativeTarget;
			buildConfigurationList = D0D89F8A1EC1C52C005C3E83 /* Build configuration list for PBXNativeTarget "iSpyTests" */;
			buildPhases = (
				10DB78EDFBE9ED99EA21827E /* [CP] Check Pods Manifest.lock */,
				D0D89F6F1EC1C52C005C3E83 /* Sources */,
				D0D89F701EC1C52C005C3E83 /* Frameworks */,
				D0D89F711EC1C52C005C3E83 /* Resources */,
				99955D482C44CCD2CF7DBA42 /* [CP] Embed Pods Frameworks */,
				41EB8FBDD80743A22279B3E3 /* [CP] Copy Pods Resources */,
			);
			buildRules = (
			);
			dependencies = (
				D0D89F751EC1C52C005C3E83 /* PBXTargetDependency */,
			);
			name = iSpyTests;
			productName = iSpyTests;
			productReference = D0D89F731EC1C52C005C3E83 /* iSpyTests.xctest */;
			productType = "com.apple.product-type.bundle.unit-test";
		};
		D0D89F7D1EC1C52C005C3E83 /* iSpyUITests */ = {
			isa = PBXNativeTarget;
			buildConfigurationList = D0D89F8D1EC1C52C005C3E83 /* Build configuration list for PBXNativeTarget "iSpyUITests" */;
			buildPhases = (
				F8FB2F4A69B4AE174C455FE0 /* [CP] Check Pods Manifest.lock */,
				D0D89F7A1EC1C52C005C3E83 /* Sources */,
				D0D89F7B1EC1C52C005C3E83 /* Frameworks */,
				D0D89F7C1EC1C52C005C3E83 /* Resources */,
				045749851E11E1F6A9529DC3 /* [CP] Embed Pods Frameworks */,
				79D200B0E428A8BD91758200 /* [CP] Copy Pods Resources */,
			);
			buildRules = (
			);
			dependencies = (
				D0D89F801EC1C52C005C3E83 /* PBXTargetDependency */,
			);
			name = iSpyUITests;
			productName = iSpyUITests;
			productReference = D0D89F7E1EC1C52C005C3E83 /* iSpyUITests.xctest */;
			productType = "com.apple.product-type.bundle.ui-testing";
		};
/* End PBXNativeTarget section */

/* Begin PBXProject section */
		D0D89F571EC1C52C005C3E83 /* Project object */ = {
			isa = PBXProject;
			attributes = {
				LastSwiftUpdateCheck = 0820;
				LastUpgradeCheck = 0900;
				ORGANIZATIONNAME = "Josh Dubey";
				TargetAttributes = {
					D0D89F5E1EC1C52C005C3E83 = {
						CreatedOnToolsVersion = 8.2.1;
						DevelopmentTeam = 8PWF84GXNR;
						ProvisioningStyle = Automatic;
						SystemCapabilities = {
							com.apple.Maps.iOS = {
								enabled = 1;
							};
						};
					};
					D0D89F721EC1C52C005C3E83 = {
						CreatedOnToolsVersion = 8.2.1;
						DevelopmentTeam = XRXGYR3J9D;
						ProvisioningStyle = Automatic;
						TestTargetID = D0D89F5E1EC1C52C005C3E83;
					};
					D0D89F7D1EC1C52C005C3E83 = {
						CreatedOnToolsVersion = 8.2.1;
						DevelopmentTeam = XRXGYR3J9D;
						ProvisioningStyle = Automatic;
						TestTargetID = D0D89F5E1EC1C52C005C3E83;
					};
				};
			};
			buildConfigurationList = D0D89F5A1EC1C52C005C3E83 /* Build configuration list for PBXProject "iSpy" */;
			compatibilityVersion = "Xcode 3.2";
			developmentRegion = English;
			hasScannedForEncodings = 0;
			knownRegions = (
				en,
				Base,
			);
			mainGroup = D0D89F561EC1C52C005C3E83;
			productRefGroup = D0D89F601EC1C52C005C3E83 /* Products */;
			projectDirPath = "";
			projectRoot = "";
			targets = (
				D0D89F5E1EC1C52C005C3E83 /* iSpy */,
				D0D89F721EC1C52C005C3E83 /* iSpyTests */,
				D0D89F7D1EC1C52C005C3E83 /* iSpyUITests */,
			);
		};
/* End PBXProject section */

/* Begin PBXResourcesBuildPhase section */
		D0D89F5D1EC1C52C005C3E83 /* Resources */ = {
			isa = PBXResourcesBuildPhase;
			buildActionMask = 2147483647;
			files = (
				D0D89FB21EC1CD44005C3E83 /* .swiftlint.yml in Resources */,
				D02FBD1B1F2B7C00009CC1CB /* LoadTripTableHeaderView.xib in Resources */,
				D0AB0BF81F03F70700296C55 /* Settings.bundle in Resources */,
				D02FBD101F2B7466009CC1CB /* Main.storyboard in Resources */,
				D02FBD131F2B749B009CC1CB /* LaunchScreen.storyboard in Resources */,
				D0D89F6A1EC1C52C005C3E83 /* Assets.xcassets in Resources */,
				D0D89F681EC1C52C005C3E83 /* Main.storyboard in Resources */,
			);
			runOnlyForDeploymentPostprocessing = 0;
		};
		D0D89F711EC1C52C005C3E83 /* Resources */ = {
			isa = PBXResourcesBuildPhase;
			buildActionMask = 2147483647;
			files = (
			);
			runOnlyForDeploymentPostprocessing = 0;
		};
		D0D89F7C1EC1C52C005C3E83 /* Resources */ = {
			isa = PBXResourcesBuildPhase;
			buildActionMask = 2147483647;
			files = (
			);
			runOnlyForDeploymentPostprocessing = 0;
		};
/* End PBXResourcesBuildPhase section */

/* Begin PBXShellScriptBuildPhase section */
		045749851E11E1F6A9529DC3 /* [CP] Embed Pods Frameworks */ = {
			isa = PBXShellScriptBuildPhase;
			buildActionMask = 2147483647;
			files = (
			);
			inputPaths = (
			);
			name = "[CP] Embed Pods Frameworks";
			outputPaths = (
			);
			runOnlyForDeploymentPostprocessing = 0;
			shellPath = /bin/sh;
			shellScript = "\"${SRCROOT}/Pods/Target Support Files/Pods-iSpyUITests/Pods-iSpyUITests-frameworks.sh\"\n";
			showEnvVarsInLog = 0;
		};
		10DB78EDFBE9ED99EA21827E /* [CP] Check Pods Manifest.lock */ = {
			isa = PBXShellScriptBuildPhase;
			buildActionMask = 2147483647;
			files = (
			);
			inputPaths = (
			);
			name = "[CP] Check Pods Manifest.lock";
			outputPaths = (
			);
			runOnlyForDeploymentPostprocessing = 0;
			shellPath = /bin/sh;
			shellScript = "diff \"${PODS_PODFILE_DIR_PATH}/Podfile.lock\" \"${PODS_ROOT}/Manifest.lock\" > /dev/null\nif [ $? != 0 ] ; then\n    # print error to STDERR\n    echo \"error: The sandbox is not in sync with the Podfile.lock. Run 'pod install' or update your CocoaPods installation.\" >&2\n    exit 1\nfi\n";
			showEnvVarsInLog = 0;
		};
		2105D61715AC10F8130A8ED6 /* [CP] Check Pods Manifest.lock */ = {
			isa = PBXShellScriptBuildPhase;
			buildActionMask = 2147483647;
			files = (
			);
			inputPaths = (
			);
			name = "[CP] Check Pods Manifest.lock";
			outputPaths = (
			);
			runOnlyForDeploymentPostprocessing = 0;
			shellPath = /bin/sh;
			shellScript = "diff \"${PODS_PODFILE_DIR_PATH}/Podfile.lock\" \"${PODS_ROOT}/Manifest.lock\" > /dev/null\nif [ $? != 0 ] ; then\n    # print error to STDERR\n    echo \"error: The sandbox is not in sync with the Podfile.lock. Run 'pod install' or update your CocoaPods installation.\" >&2\n    exit 1\nfi\n";
			showEnvVarsInLog = 0;
		};
		26A77F32A08D1DA97C73D3E6 /* [CP] Copy Pods Resources */ = {
			isa = PBXShellScriptBuildPhase;
			buildActionMask = 2147483647;
			files = (
			);
			inputPaths = (
			);
			name = "[CP] Copy Pods Resources";
			outputPaths = (
			);
			runOnlyForDeploymentPostprocessing = 0;
			shellPath = /bin/sh;
			shellScript = "\"${SRCROOT}/Pods/Target Support Files/Pods-iSpy/Pods-iSpy-resources.sh\"\n";
			showEnvVarsInLog = 0;
		};
		41EB8FBDD80743A22279B3E3 /* [CP] Copy Pods Resources */ = {
			isa = PBXShellScriptBuildPhase;
			buildActionMask = 2147483647;
			files = (
			);
			inputPaths = (
			);
			name = "[CP] Copy Pods Resources";
			outputPaths = (
			);
			runOnlyForDeploymentPostprocessing = 0;
			shellPath = /bin/sh;
			shellScript = "\"${SRCROOT}/Pods/Target Support Files/Pods-iSpyTests/Pods-iSpyTests-resources.sh\"\n";
			showEnvVarsInLog = 0;
		};
		50A01AF797D0D1C997EA7FEC /* [CP] Embed Pods Frameworks */ = {
			isa = PBXShellScriptBuildPhase;
			buildActionMask = 2147483647;
			files = (
			);
			inputPaths = (
			);
			name = "[CP] Embed Pods Frameworks";
			outputPaths = (
			);
			runOnlyForDeploymentPostprocessing = 0;
			shellPath = /bin/sh;
			shellScript = "\"${SRCROOT}/Pods/Target Support Files/Pods-iSpy/Pods-iSpy-frameworks.sh\"\n";
			showEnvVarsInLog = 0;
		};
		79D200B0E428A8BD91758200 /* [CP] Copy Pods Resources */ = {
			isa = PBXShellScriptBuildPhase;
			buildActionMask = 2147483647;
			files = (
			);
			inputPaths = (
			);
			name = "[CP] Copy Pods Resources";
			outputPaths = (
			);
			runOnlyForDeploymentPostprocessing = 0;
			shellPath = /bin/sh;
			shellScript = "\"${SRCROOT}/Pods/Target Support Files/Pods-iSpyUITests/Pods-iSpyUITests-resources.sh\"\n";
			showEnvVarsInLog = 0;
		};
		99955D482C44CCD2CF7DBA42 /* [CP] Embed Pods Frameworks */ = {
			isa = PBXShellScriptBuildPhase;
			buildActionMask = 2147483647;
			files = (
			);
			inputPaths = (
			);
			name = "[CP] Embed Pods Frameworks";
			outputPaths = (
			);
			runOnlyForDeploymentPostprocessing = 0;
			shellPath = /bin/sh;
			shellScript = "\"${SRCROOT}/Pods/Target Support Files/Pods-iSpyTests/Pods-iSpyTests-frameworks.sh\"\n";
			showEnvVarsInLog = 0;
		};
		D0D89FAD1EC1CC87005C3E83 /* SwiftLint */ = {
			isa = PBXShellScriptBuildPhase;
			buildActionMask = 2147483647;
			files = (
			);
			inputPaths = (
			);
			name = SwiftLint;
			outputPaths = (
			);
			runOnlyForDeploymentPostprocessing = 0;
			shellPath = /bin/sh;
			shellScript = "\"${PODS_ROOT}/SwiftLint/swiftlint\" autocorrect\n\"${PODS_ROOT}/SwiftLint/swiftlint\"\nexit 0";
		};
		F8FB2F4A69B4AE174C455FE0 /* [CP] Check Pods Manifest.lock */ = {
			isa = PBXShellScriptBuildPhase;
			buildActionMask = 2147483647;
			files = (
			);
			inputPaths = (
			);
			name = "[CP] Check Pods Manifest.lock";
			outputPaths = (
			);
			runOnlyForDeploymentPostprocessing = 0;
			shellPath = /bin/sh;
			shellScript = "diff \"${PODS_PODFILE_DIR_PATH}/Podfile.lock\" \"${PODS_ROOT}/Manifest.lock\" > /dev/null\nif [ $? != 0 ] ; then\n    # print error to STDERR\n    echo \"error: The sandbox is not in sync with the Podfile.lock. Run 'pod install' or update your CocoaPods installation.\" >&2\n    exit 1\nfi\n";
			showEnvVarsInLog = 0;
		};
/* End PBXShellScriptBuildPhase section */

/* Begin PBXSourcesBuildPhase section */
		D0D89F5B1EC1C52C005C3E83 /* Sources */ = {
			isa = PBXSourcesBuildPhase;
			buildActionMask = 2147483647;
			files = (
				D0D89FC91EC1F777005C3E83 /* CALayerExtension.swift in Sources */,
				D0D89FCB1EC1F777005C3E83 /* DateExtensions.swift in Sources */,
				D0D89FCA1EC1F777005C3E83 /* CollectionExtensions.swift in Sources */,
				D0D89FCF1EC1F777005C3E83 /* StringExtensions.swift in Sources */,
				D0D89FBC1EC1ED2B005C3E83 /* CreateTripViewController.swift in Sources */,
				D02FBD181F2B7B62009CC1CB /* LoadTripTableHeaderView.swift in Sources */,
				D0D89FA81EC1CAFE005C3E83 /* Trip.swift in Sources */,
				D076E0BB1EC5C9D600FBCC2F /* LocationManager.swift in Sources */,
				D076E0B71EC5BD5A00FBCC2F /* LoadTripCellModel.swift in Sources */,
				D076E0C01EC5EEE400FBCC2F /* PlatesTableViewCellModel.swift in Sources */,
				D0DA8BF61EFC0E31003352B2 /* TripManagementMapView.swift in Sources */,
				D0D89FA71EC1CAFE005C3E83 /* Player.swift in Sources */,
				D0D89FD11EC1F777005C3E83 /* UIImageExtensions.swift in Sources */,
				D0DA8BF81EFC0F07003352B2 /* TripManagementMapViewModel.swift in Sources */,
				D0D89FA01EC1CAFE005C3E83 /* DataLoader.swift in Sources */,
				D0D89FD51EC204FC005C3E83 /* FlipTransitionDelegate.swift in Sources */,
				D076E0B51EC5BB4800FBCC2F /* LoadTripCell.swift in Sources */,
				D0D89FA91EC1CAFE005C3E83 /* TripService.swift in Sources */,
				D0D89FD21EC1F777005C3E83 /* UIViewExtensions.swift in Sources */,
				D0D89FA11EC1CAFE005C3E83 /* DataManager.swift in Sources */,
				D0D89FA61EC1CAFE005C3E83 /* Location.swift in Sources */,
				D076E1071ECA044000FBCC2F /* UIImageView+Protcols.swift in Sources */,
				D0D89FCC1EC1F777005C3E83 /* DateFormatterExtensions.swift in Sources */,
				D0D89FA21EC1CAFE005C3E83 /* PlatesTableViewCell.swift in Sources */,
				D0D89F9F1EC1CAFE005C3E83 /* LoginViewController.swift in Sources */,
				D076E0C21EC5F69400FBCC2F /* AnnotationView.swift in Sources */,
				D04F00AD1F7170FE007356AA /* SpeedView.swift in Sources */,
				D0D89FCD1EC1F777005C3E83 /* NSManagedObjectExtensions.swift in Sources */,
				D0D89FCE1EC1F777005C3E83 /* NumberFormatterExtensions.swift in Sources */,
				D0D89FD01EC1F777005C3E83 /* UIColorExtensions.swift in Sources */,
				D076E0B31EC5AEFA00FBCC2F /* LoadTripViewController.swift in Sources */,
				D0D89FA41EC1CAFE005C3E83 /* BaseObject.swift in Sources */,
				D0D89FA51EC1CAFE005C3E83 /* LicensePlate.swift in Sources */,
				D0D89FA31EC1CAFE005C3E83 /* PlatesViewController.swift in Sources */,
				D0D89F631EC1C52C005C3E83 /* AppDelegate.swift in Sources */,
				D0F5A54D1F716BCE009A4A51 /* NumberExtensions.swift in Sources */,
			);
			runOnlyForDeploymentPostprocessing = 0;
		};
		D0D89F6F1EC1C52C005C3E83 /* Sources */ = {
			isa = PBXSourcesBuildPhase;
			buildActionMask = 2147483647;
			files = (
				D0D89F781EC1C52C005C3E83 /* iSpyTests.swift in Sources */,
			);
			runOnlyForDeploymentPostprocessing = 0;
		};
		D0D89F7A1EC1C52C005C3E83 /* Sources */ = {
			isa = PBXSourcesBuildPhase;
			buildActionMask = 2147483647;
			files = (
				D0D89F831EC1C52C005C3E83 /* iSpyUITests.swift in Sources */,
			);
			runOnlyForDeploymentPostprocessing = 0;
		};
/* End PBXSourcesBuildPhase section */

/* Begin PBXTargetDependency section */
		D0D89F751EC1C52C005C3E83 /* PBXTargetDependency */ = {
			isa = PBXTargetDependency;
			target = D0D89F5E1EC1C52C005C3E83 /* iSpy */;
			targetProxy = D0D89F741EC1C52C005C3E83 /* PBXContainerItemProxy */;
		};
		D0D89F801EC1C52C005C3E83 /* PBXTargetDependency */ = {
			isa = PBXTargetDependency;
			target = D0D89F5E1EC1C52C005C3E83 /* iSpy */;
			targetProxy = D0D89F7F1EC1C52C005C3E83 /* PBXContainerItemProxy */;
		};
/* End PBXTargetDependency section */

/* Begin PBXVariantGroup section */
		D02FBD0E1F2B7466009CC1CB /* Main.storyboard */ = {
			isa = PBXVariantGroup;
			children = (
				D02FBD0F1F2B7466009CC1CB /* Base */,
			);
			name = Main.storyboard;
			sourceTree = "<group>";
		};
		D02FBD111F2B749B009CC1CB /* LaunchScreen.storyboard */ = {
			isa = PBXVariantGroup;
			children = (
				D02FBD121F2B749B009CC1CB /* Base */,
			);
			name = LaunchScreen.storyboard;
			sourceTree = "<group>";
		};
		D0D89F661EC1C52C005C3E83 /* Main.storyboard */ = {
			isa = PBXVariantGroup;
			children = (
				D0D89F671EC1C52C005C3E83 /* Base */,
			);
			name = Main.storyboard;
			path = iSpy;
			sourceTree = "<group>";
		};
/* End PBXVariantGroup section */

/* Begin XCBuildConfiguration section */
		D0D89F851EC1C52C005C3E83 /* Debug */ = {
			isa = XCBuildConfiguration;
			buildSettings = {
				ALWAYS_SEARCH_USER_PATHS = NO;
				CLANG_ANALYZER_NONNULL = YES;
				CLANG_CXX_LANGUAGE_STANDARD = "gnu++0x";
				CLANG_CXX_LIBRARY = "libc++";
				CLANG_ENABLE_MODULES = YES;
				CLANG_ENABLE_OBJC_ARC = YES;
				CLANG_WARN_BLOCK_CAPTURE_AUTORELEASING = YES;
				CLANG_WARN_BOOL_CONVERSION = YES;
				CLANG_WARN_COMMA = YES;
				CLANG_WARN_CONSTANT_CONVERSION = YES;
				CLANG_WARN_DIRECT_OBJC_ISA_USAGE = YES_ERROR;
				CLANG_WARN_DOCUMENTATION_COMMENTS = YES;
				CLANG_WARN_EMPTY_BODY = YES;
				CLANG_WARN_ENUM_CONVERSION = YES;
				CLANG_WARN_INFINITE_RECURSION = YES;
				CLANG_WARN_INT_CONVERSION = YES;
				CLANG_WARN_NON_LITERAL_NULL_CONVERSION = YES;
				CLANG_WARN_OBJC_LITERAL_CONVERSION = YES;
				CLANG_WARN_OBJC_ROOT_CLASS = YES_ERROR;
				CLANG_WARN_RANGE_LOOP_ANALYSIS = YES;
				CLANG_WARN_STRICT_PROTOTYPES = YES;
				CLANG_WARN_SUSPICIOUS_MOVE = YES;
				CLANG_WARN_UNREACHABLE_CODE = YES;
				CLANG_WARN__DUPLICATE_METHOD_MATCH = YES;
				"CODE_SIGN_IDENTITY[sdk=iphoneos*]" = "iPhone Developer";
				COPY_PHASE_STRIP = NO;
				DEBUG_INFORMATION_FORMAT = dwarf;
				ENABLE_STRICT_OBJC_MSGSEND = YES;
				ENABLE_TESTABILITY = YES;
				GCC_C_LANGUAGE_STANDARD = gnu99;
				GCC_DYNAMIC_NO_PIC = NO;
				GCC_NO_COMMON_BLOCKS = YES;
				GCC_OPTIMIZATION_LEVEL = 0;
				GCC_PREPROCESSOR_DEFINITIONS = (
					"DEBUG=1",
					"$(inherited)",
				);
				GCC_WARN_64_TO_32_BIT_CONVERSION = YES;
				GCC_WARN_ABOUT_RETURN_TYPE = YES_ERROR;
				GCC_WARN_UNDECLARED_SELECTOR = YES;
				GCC_WARN_UNINITIALIZED_AUTOS = YES_AGGRESSIVE;
				GCC_WARN_UNUSED_FUNCTION = YES;
				GCC_WARN_UNUSED_VARIABLE = YES;
				IPHONEOS_DEPLOYMENT_TARGET = 10.2;
				MTL_ENABLE_DEBUG_INFO = YES;
				ONLY_ACTIVE_ARCH = YES;
				SDKROOT = iphoneos;
				SWIFT_ACTIVE_COMPILATION_CONDITIONS = DEBUG;
				SWIFT_OPTIMIZATION_LEVEL = "-Onone";
			};
			name = Debug;
		};
		D0D89F861EC1C52C005C3E83 /* Release */ = {
			isa = XCBuildConfiguration;
			buildSettings = {
				ALWAYS_SEARCH_USER_PATHS = NO;
				CLANG_ANALYZER_NONNULL = YES;
				CLANG_CXX_LANGUAGE_STANDARD = "gnu++0x";
				CLANG_CXX_LIBRARY = "libc++";
				CLANG_ENABLE_MODULES = YES;
				CLANG_ENABLE_OBJC_ARC = YES;
				CLANG_WARN_BLOCK_CAPTURE_AUTORELEASING = YES;
				CLANG_WARN_BOOL_CONVERSION = YES;
				CLANG_WARN_COMMA = YES;
				CLANG_WARN_CONSTANT_CONVERSION = YES;
				CLANG_WARN_DIRECT_OBJC_ISA_USAGE = YES_ERROR;
				CLANG_WARN_DOCUMENTATION_COMMENTS = YES;
				CLANG_WARN_EMPTY_BODY = YES;
				CLANG_WARN_ENUM_CONVERSION = YES;
				CLANG_WARN_INFINITE_RECURSION = YES;
				CLANG_WARN_INT_CONVERSION = YES;
				CLANG_WARN_NON_LITERAL_NULL_CONVERSION = YES;
				CLANG_WARN_OBJC_LITERAL_CONVERSION = YES;
				CLANG_WARN_OBJC_ROOT_CLASS = YES_ERROR;
				CLANG_WARN_RANGE_LOOP_ANALYSIS = YES;
				CLANG_WARN_STRICT_PROTOTYPES = YES;
				CLANG_WARN_SUSPICIOUS_MOVE = YES;
				CLANG_WARN_UNREACHABLE_CODE = YES;
				CLANG_WARN__DUPLICATE_METHOD_MATCH = YES;
				"CODE_SIGN_IDENTITY[sdk=iphoneos*]" = "iPhone Developer";
				COPY_PHASE_STRIP = NO;
				DEBUG_INFORMATION_FORMAT = "dwarf-with-dsym";
				ENABLE_NS_ASSERTIONS = NO;
				ENABLE_STRICT_OBJC_MSGSEND = YES;
				GCC_C_LANGUAGE_STANDARD = gnu99;
				GCC_NO_COMMON_BLOCKS = YES;
				GCC_WARN_64_TO_32_BIT_CONVERSION = YES;
				GCC_WARN_ABOUT_RETURN_TYPE = YES_ERROR;
				GCC_WARN_UNDECLARED_SELECTOR = YES;
				GCC_WARN_UNINITIALIZED_AUTOS = YES_AGGRESSIVE;
				GCC_WARN_UNUSED_FUNCTION = YES;
				GCC_WARN_UNUSED_VARIABLE = YES;
				IPHONEOS_DEPLOYMENT_TARGET = 10.2;
				MTL_ENABLE_DEBUG_INFO = NO;
				SDKROOT = iphoneos;
				SWIFT_OPTIMIZATION_LEVEL = "-Owholemodule";
				VALIDATE_PRODUCT = YES;
			};
			name = Release;
		};
		D0D89F881EC1C52C005C3E83 /* Debug */ = {
			isa = XCBuildConfiguration;
			baseConfigurationReference = 4EFDB9E682D805F6659E3E99 /* Pods-iSpy.debug.xcconfig */;
			buildSettings = {
				ASSETCATALOG_COMPILER_APPICON_NAME = AppIcon;
				DEVELOPMENT_TEAM = 8PWF84GXNR;
				FRAMEWORK_SEARCH_PATHS = (
					"$(inherited)",
					"$(PROJECT_DIR)/Carthage/Build/iOS",
				);
				INFOPLIST_FILE = iSpy/Info.plist;
				IPHONEOS_DEPLOYMENT_TARGET = 10.0;
				LD_RUNPATH_SEARCH_PATHS = "$(inherited) @executable_path/Frameworks";
				PRODUCT_BUNDLE_IDENTIFIER = com.jdubey.iSpy;
				PRODUCT_NAME = "$(TARGET_NAME)";
				SWIFT_VERSION = 3.0;
			};
			name = Debug;
		};
		D0D89F891EC1C52C005C3E83 /* Release */ = {
			isa = XCBuildConfiguration;
			baseConfigurationReference = 184EF4D938A1C9D940B6502C /* Pods-iSpy.release.xcconfig */;
			buildSettings = {
				ASSETCATALOG_COMPILER_APPICON_NAME = AppIcon;
				DEVELOPMENT_TEAM = 8PWF84GXNR;
				FRAMEWORK_SEARCH_PATHS = (
					"$(inherited)",
					"$(PROJECT_DIR)/Carthage/Build/iOS",
				);
				INFOPLIST_FILE = iSpy/Info.plist;
				IPHONEOS_DEPLOYMENT_TARGET = 10.0;
				LD_RUNPATH_SEARCH_PATHS = "$(inherited) @executable_path/Frameworks";
				PRODUCT_BUNDLE_IDENTIFIER = com.jdubey.iSpy;
				PRODUCT_NAME = "$(TARGET_NAME)";
				SWIFT_VERSION = 3.0;
			};
			name = Release;
		};
		D0D89F8B1EC1C52C005C3E83 /* Debug */ = {
			isa = XCBuildConfiguration;
			baseConfigurationReference = 6603BCE7BD0234E7F8D15158 /* Pods-iSpyTests.debug.xcconfig */;
			buildSettings = {
				ALWAYS_EMBED_SWIFT_STANDARD_LIBRARIES = YES;
				BUNDLE_LOADER = "$(TEST_HOST)";
				DEVELOPMENT_TEAM = XRXGYR3J9D;
				INFOPLIST_FILE = iSpyTests/Info.plist;
				LD_RUNPATH_SEARCH_PATHS = "$(inherited) @executable_path/Frameworks @loader_path/Frameworks";
				PRODUCT_BUNDLE_IDENTIFIER = com.jdubey.iSpyTests;
				PRODUCT_NAME = "$(TARGET_NAME)";
				SWIFT_VERSION = 3.0;
				TEST_HOST = "$(BUILT_PRODUCTS_DIR)/iSpy.app/iSpy";
			};
			name = Debug;
		};
		D0D89F8C1EC1C52C005C3E83 /* Release */ = {
			isa = XCBuildConfiguration;
			baseConfigurationReference = E2A0CF1F8399E66FF8BC766D /* Pods-iSpyTests.release.xcconfig */;
			buildSettings = {
				ALWAYS_EMBED_SWIFT_STANDARD_LIBRARIES = YES;
				BUNDLE_LOADER = "$(TEST_HOST)";
				DEVELOPMENT_TEAM = XRXGYR3J9D;
				INFOPLIST_FILE = iSpyTests/Info.plist;
				LD_RUNPATH_SEARCH_PATHS = "$(inherited) @executable_path/Frameworks @loader_path/Frameworks";
				PRODUCT_BUNDLE_IDENTIFIER = com.jdubey.iSpyTests;
				PRODUCT_NAME = "$(TARGET_NAME)";
				SWIFT_VERSION = 3.0;
				TEST_HOST = "$(BUILT_PRODUCTS_DIR)/iSpy.app/iSpy";
			};
			name = Release;
		};
		D0D89F8E1EC1C52C005C3E83 /* Debug */ = {
			isa = XCBuildConfiguration;
			baseConfigurationReference = 75FE383DB17944778D2FDF26 /* Pods-iSpyUITests.debug.xcconfig */;
			buildSettings = {
				ALWAYS_EMBED_SWIFT_STANDARD_LIBRARIES = YES;
				DEVELOPMENT_TEAM = XRXGYR3J9D;
				INFOPLIST_FILE = iSpyUITests/Info.plist;
				LD_RUNPATH_SEARCH_PATHS = "$(inherited) @executable_path/Frameworks @loader_path/Frameworks";
				PRODUCT_BUNDLE_IDENTIFIER = com.jdubey.iSpyUITests;
				PRODUCT_NAME = "$(TARGET_NAME)";
				SWIFT_VERSION = 3.0;
				TEST_TARGET_NAME = iSpy;
			};
			name = Debug;
		};
		D0D89F8F1EC1C52C005C3E83 /* Release */ = {
			isa = XCBuildConfiguration;
			baseConfigurationReference = 5DDEC5FF4FDD763F0E61B3F5 /* Pods-iSpyUITests.release.xcconfig */;
			buildSettings = {
				ALWAYS_EMBED_SWIFT_STANDARD_LIBRARIES = YES;
				DEVELOPMENT_TEAM = XRXGYR3J9D;
				INFOPLIST_FILE = iSpyUITests/Info.plist;
				LD_RUNPATH_SEARCH_PATHS = "$(inherited) @executable_path/Frameworks @loader_path/Frameworks";
				PRODUCT_BUNDLE_IDENTIFIER = com.jdubey.iSpyUITests;
				PRODUCT_NAME = "$(TARGET_NAME)";
				SWIFT_VERSION = 3.0;
				TEST_TARGET_NAME = iSpy;
			};
			name = Release;
		};
/* End XCBuildConfiguration section */

/* Begin XCConfigurationList section */
		D0D89F5A1EC1C52C005C3E83 /* Build configuration list for PBXProject "iSpy" */ = {
			isa = XCConfigurationList;
			buildConfigurations = (
				D0D89F851EC1C52C005C3E83 /* Debug */,
				D0D89F861EC1C52C005C3E83 /* Release */,
			);
			defaultConfigurationIsVisible = 0;
			defaultConfigurationName = Release;
		};
		D0D89F871EC1C52C005C3E83 /* Build configuration list for PBXNativeTarget "iSpy" */ = {
			isa = XCConfigurationList;
			buildConfigurations = (
				D0D89F881EC1C52C005C3E83 /* Debug */,
				D0D89F891EC1C52C005C3E83 /* Release */,
			);
			defaultConfigurationIsVisible = 0;
			defaultConfigurationName = Release;
		};
		D0D89F8A1EC1C52C005C3E83 /* Build configuration list for PBXNativeTarget "iSpyTests" */ = {
			isa = XCConfigurationList;
			buildConfigurations = (
				D0D89F8B1EC1C52C005C3E83 /* Debug */,
				D0D89F8C1EC1C52C005C3E83 /* Release */,
			);
			defaultConfigurationIsVisible = 0;
			defaultConfigurationName = Release;
		};
		D0D89F8D1EC1C52C005C3E83 /* Build configuration list for PBXNativeTarget "iSpyUITests" */ = {
			isa = XCConfigurationList;
			buildConfigurations = (
				D0D89F8E1EC1C52C005C3E83 /* Debug */,
				D0D89F8F1EC1C52C005C3E83 /* Release */,
			);
			defaultConfigurationIsVisible = 0;
			defaultConfigurationName = Release;
		};
/* End XCConfigurationList section */
	};
	rootObject = D0D89F571EC1C52C005C3E83 /* Project object */;
}
